{
  "version": 1,
  "dependencies": {
    ".NETnanoFramework,Version=v1.0": {
      "nanoFramework.CoreLibrary": {
        "type": "Direct",
        "requested": "[1.14.20, 1.14.20]",
        "resolved": "1.14.20",
        "contentHash": "9yfmrvDmByKRwRegqS9vnO+g2Ho+tndTOIIyKlDtbnx6FPEtUVfltNtQ2hDJ7mQzsC/C9mtKukqI+vK++mbuUg=="
      }
    }
  }
}