{
  "version": 1,
  "dependencies": {
    ".NETnanoFramework,Version=v1.0": {
      "nanoFramework.CoreLibrary": {
        "type": "Direct",
        "requested": "[2.0.0-preview.32, 2.0.0-preview.32]",
        "resolved": "2.0.0-preview.32",
        "contentHash": "DZ0CI92bJCTQ+2pGJiRxcqYEzmjMppg2elFZEZCGB6kUPjUoGV8o+NnFb5bn2X0Nl+b+8Wq5BLzGBbn8C05oKQ=="
      }
    }
  }
}