{
  "version": 1,
  "dependencies": {
    ".NETnanoFramework,Version=v1.0": {
      "nanoFramework.CoreLibrary": {
        "type": "Direct",
        "requested": "[1.15.5, 1.15.5]",
        "resolved": "1.15.5",
        "contentHash": "u2+GvAp1uxLrGdILACAZy+EVKOs28EQ52j8Lz7599egXZ3GBGejjnR2ofhjMQwzrJLlgtyrsx8nSLngDfJNsAg=="
      },
      "nanoFramework.ResourceManager": {
        "type": "Direct",
        "requested": "[1.2.19, 1.2.19]",
        "resolved": "1.2.19",
        "contentHash": "LogHT5t1yvy8aMz7zv3AUDgZQEkzn1sDFBGGan2ceSnoyO0S3CD6VbAmA6+na30cEAy6Xczj7B6wr6SVuA1GNQ=="
      },
      "nanoFramework.Runtime.Events": {
        "type": "Direct",
        "requested": "[1.11.18, 1.11.18]",
        "resolved": "1.11.18",
        "contentHash": "t0XpUkdyBBBv/0S4oGx3yUJG1iPYWc38odvZW8mVoioSxZOJrRkRHpNfwYxTxtP4LIEyyesOPEH42d05FHfHzA=="
      },
      "nanoFramework.Runtime.Native": {
        "type": "Direct",
        "requested": "[1.7.1, 1.7.1]",
        "resolved": "1.7.1",
        "contentHash": "RCiG3D+SxG4wVSBXuXP0y8EZWBd65bfJ9AJj0USNnfL65Aa+nUXmXa6QIxkeolSjDH4jLgKjlIuTXOA7t+AQGQ=="
      },
      "nanoFramework.System.Collections": {
        "type": "Direct",
        "requested": "[1.5.45, 1.5.45]",
        "resolved": "1.5.45",
        "contentHash": "dil6zTz67ACEboy5aWib+lcK+v5eOdvChow3UoZjPdH/fsHsHl26D6/OmQKp+KPVdi5/59WUM5InFB4F5FEQfQ=="
      },
      "Nerdbank.GitVersioning": {
        "type": "Direct",
        "requested": "[3.6.143, 3.6.143]",
        "resolved": "3.6.143",
        "contentHash": "N24MtdLq4PmdJ2woTQd9515q0I1jeO/DlimYCB/GoRd510Fc9dk9H6YaN8MPPrVF8RHrIalCUfWbWvcoarYeoQ=="
      }
    }
  }
}