{
  "version": 1,
  "dependencies": {
    ".NETnanoFramework,Version=v1.0": {
      "nanoFramework.CoreLibrary": {
        "type": "Direct",
        "requested": "[2.0.0-preview.39, 2.0.0-preview.39]",
        "resolved": "2.0.0-preview.39",
        "contentHash": "rkXOwaEq6GIm+dKZ7ICMrG23mln482vRXyDtaNfAeBpgGcgiuFJrbw7w0TTZ2DNhw1CUWlCWZZbXi6+/NHdpLg=="
      }
    }
  }
}